
Microsoft Visual Studio Solution File, Format Version 12.00
# Visual Studio Version 16
VisualStudioVersion = 16.0.30002.166
MinimumVisualStudioVersion = 10.0.40219.1
Project("{9A19103F-16F7-4668-BE54-9A1E7A4F7556}") = "MvcApp", "MvcApp\MvcApp.csproj", "{E0F1302B-42A3-4F19-9541-2DE3AFF0CD89}"
EndProject
Project("{9A19103F-16F7-4668-BE54-9A1E7A4F7556}") = "BlazorApp (old)", "BlazorApp\BlazorApp (old).csproj", "{B410E898-C3C8-4B2C-BC04-6710A761159A}"
EndProject
Project("{9A19103F-16F7-4668-BE54-9A1E7A4F7556}") = "BlazorApp", "Frontend\BlazorApp.csproj", "{AAC2BB9D-6DF1-48E7-9A50-1D36C63FD0E2}"
EndProject
Global
	GlobalSection(SolutionConfigurationPlatforms) = preSolution
		Debug|Any CPU = Debug|Any CPU
		Release|Any CPU = Release|Any CPU
	EndGlobalSection
	GlobalSection(ProjectConfigurationPlatforms) = postSolution
		{E0F1302B-42A3-4F19-9541-2DE3AFF0CD89}.Debug|Any CPU.ActiveCfg = Debug|Any CPU
		{E0F1302B-42A3-4F19-9541-2DE3AFF0CD89}.Debug|Any CPU.Build.0 = Debug|Any CPU
		{E0F1302B-42A3-4F19-9541-2DE3AFF0CD89}.Release|Any CPU.ActiveCfg = Release|Any CPU
		{E0F1302B-42A3-4F19-9541-2DE3AFF0CD89}.Release|Any CPU.Build.0 = Release|Any CPU
		{B410E898-C3C8-4B2C-BC04-6710A761159A}.Debug|Any CPU.ActiveCfg = Debug|Any CPU
		{B410E898-C3C8-4B2C-BC04-6710A761159A}.Debug|Any CPU.Build.0 = Debug|Any CPU
		{B410E898-C3C8-4B2C-BC04-6710A761159A}.Release|Any CPU.ActiveCfg = Release|Any CPU
		{B410E898-C3C8-4B2C-BC04-6710A761159A}.Release|Any CPU.Build.0 = Release|Any CPU
		{AAC2BB9D-6DF1-48E7-9A50-1D36C63FD0E2}.Debug|Any CPU.ActiveCfg = Debug|Any CPU
		{AAC2BB9D-6DF1-48E7-9A50-1D36C63FD0E2}.Debug|Any CPU.Build.0 = Debug|Any CPU
		{AAC2BB9D-6DF1-48E7-9A50-1D36C63FD0E2}.Release|Any CPU.ActiveCfg = Release|Any CPU
		{AAC2BB9D-6DF1-48E7-9A50-1D36C63FD0E2}.Release|Any CPU.Build.0 = Release|Any CPU
	EndGlobalSection
	GlobalSection(SolutionProperties) = preSolution
		HideSolutionNode = FALSE
	EndGlobalSection
	GlobalSection(ExtensibilityGlobals) = postSolution
		SolutionGuid = {41DEDF66-E501-4DF6-9D0F-01D80CDD8EE9}
	EndGlobalSection
EndGlobal
